
Microsoft Visual Studio Solution File, Format Version 12.00
# Visual Studio Version 17
VisualStudioVersion = 17.14.36301.6 d17.14
MinimumVisualStudioVersion = 10.0.40219.1
Project("{FAE04EC0-301F-11D3-BF4B-00C04F79EFBC}") = "SimpleNotesAPI", "SimpleNotesAPI\SimpleNotesAPI.csproj", "{C7FFB6A0-6C4C-4C30-8E36-F94CDCE09DEB}"
EndProject
Global
	GlobalSection(SolutionConfigurationPlatforms) = preSolution
		Debug|Any CPU = Debug|Any CPU
		Release|Any CPU = Release|Any CPU
	EndGlobalSection
	GlobalSection(ProjectConfigurationPlatforms) = postSolution
		{C7FFB6A0-6C4C-4C30-8E36-F94CDCE09DEB}.Debug|Any CPU.ActiveCfg = Debug|Any CPU
		{C7FFB6A0-6C4C-4C30-8E36-F94CDCE09DEB}.Debug|Any CPU.Build.0 = Debug|Any CPU
		{C7FFB6A0-6C4C-4C30-8E36-F94CDCE09DEB}.Release|Any CPU.ActiveCfg = Release|Any CPU
		{C7FFB6A0-6C4C-4C30-8E36-F94CDCE09DEB}.Release|Any CPU.Build.0 = Release|Any CPU
	EndGlobalSection
	GlobalSection(SolutionProperties) = preSolution
		HideSolutionNode = FALSE
	EndGlobalSection
	GlobalSection(ExtensibilityGlobals) = postSolution
		SolutionGuid = {515EF5E7-7365-4627-A3B3-1530B7337CFD}
	EndGlobalSection
EndGlobal
